// !$*UTF8*$!
{
	archiveVersion = 1;
	classes = {
	};
	objectVersion = 46;
	objects = {

/* Begin PBXBuildFile section */
		3DFD611219B732D3009D4A46 /* Foundation.framework in Frameworks */ = {isa = PBXBuildFile; fileRef = 3DFD611119B732D3009D4A46 /* Foundation.framework */; };
		3DFD611419B732D3009D4A46 /* CoreGraphics.framework in Frameworks */ = {isa = PBXBuildFile; fileRef = 3DFD611319B732D3009D4A46 /* CoreGraphics.framework */; };
		3DFD611619B732D3009D4A46 /* UIKit.framework in Frameworks */ = {isa = PBXBuildFile; fileRef = 3DFD611519B732D3009D4A46 /* UIKit.framework */; };
		3DFD611C19B732D3009D4A46 /* InfoPlist.strings in Resources */ = {isa = PBXBuildFile; fileRef = 3DFD611A19B732D3009D4A46 /* InfoPlist.strings */; };
		3DFD611E19B732D3009D4A46 /* main.m in Sources */ = {isa = PBXBuildFile; fileRef = 3DFD611D19B732D3009D4A46 /* main.m */; };
		3DFD612219B732D3009D4A46 /* AppDelegate.m in Sources */ = {isa = PBXBuildFile; fileRef = 3DFD612119B732D3009D4A46 /* AppDelegate.m */; };
		3DFD612519B732D3009D4A46 /* Main.storyboard in Resources */ = {isa = PBXBuildFile; fileRef = 3DFD612319B732D3009D4A46 /* Main.storyboard */; };
		3DFD612819B732D3009D4A46 /* ViewController.m in Sources */ = {isa = PBXBuildFile; fileRef = 3DFD612719B732D3009D4A46 /* ViewController.m */; };
		3DFD612A19B732D3009D4A46 /* Images.xcassets in Resources */ = {isa = PBXBuildFile; fileRef = 3DFD612919B732D3009D4A46 /* Images.xcassets */; };
		3DFD613119B732D4009D4A46 /* XCTest.framework in Frameworks */ = {isa = PBXBuildFile; fileRef = 3DFD613019B732D3009D4A46 /* XCTest.framework */; };
		3DFD613219B732D4009D4A46 /* Foundation.framework in Frameworks */ = {isa = PBXBuildFile; fileRef = 3DFD611119B732D3009D4A46 /* Foundation.framework */; };
		3DFD613319B732D4009D4A46 /* UIKit.framework in Frameworks */ = {isa = PBXBuildFile; fileRef = 3DFD611519B732D3009D4A46 /* UIKit.framework */; };
		3DFD613B19B732D4009D4A46 /* InfoPlist.strings in Resources */ = {isa = PBXBuildFile; fileRef = 3DFD613919B732D4009D4A46 /* InfoPlist.strings */; };
		3DFD613D19B732D4009D4A46 /* visitekaartjeTests.m in Sources */ = {isa = PBXBuildFile; fileRef = 3DFD613C19B732D4009D4A46 /* visitekaartjeTests.m */; };
/* End PBXBuildFile section */

/* Begin PBXContainerItemProxy section */
		3DFD613419B732D4009D4A46 /* PBXContainerItemProxy */ = {
			isa = PBXContainerItemProxy;
			containerPortal = 3DFD610619B732D3009D4A46 /* Project object */;
			proxyType = 1;
			remoteGlobalIDString = 3DFD610D19B732D3009D4A46;
			remoteInfo = visitekaartje;
		};
/* End PBXContainerItemProxy section */

/* Begin PBXFileReference section */
		3DFD610E19B732D3009D4A46 /* visitekaartje.app */ = {isa = PBXFileReference; explicitFileType = wrapper.application; includeInIndex = 0; path = visitekaartje.app; sourceTree = BUILT_PRODUCTS_DIR; };
		3DFD611119B732D3009D4A46 /* Foundation.framework */ = {isa = PBXFileReference; lastKnownFileType = wrapper.framework; name = Foundation.framework; path = System/Library/Frameworks/Foundation.framework; sourceTree = SDKROOT; };
		3DFD611319B732D3009D4A46 /* CoreGraphics.framework */ = {isa = PBXFileReference; lastKnownFileType = wrapper.framework; name = CoreGraphics.framework; path = System/Library/Frameworks/CoreGraphics.framework; sourceTree = SDKROOT; };
		3DFD611519B732D3009D4A46 /* UIKit.framework */ = {isa = PBXFileReference; lastKnownFileType = wrapper.framework; name = UIKit.framework; path = System/Library/Frameworks/UIKit.framework; sourceTree = SDKROOT; };
		3DFD611919B732D3009D4A46 /* visitekaartje-Info.plist */ = {isa = PBXFileReference; lastKnownFileType = text.plist.xml; path = "visitekaartje-Info.plist"; sourceTree = "<group>"; };
		3DFD611B19B732D3009D4A46 /* en */ = {isa = PBXFileReference; lastKnownFileType = text.plist.strings; name = en; path = en.lproj/InfoPlist.strings; sourceTree = "<group>"; };
		3DFD611D19B732D3009D4A46 /* main.m */ = {isa = PBXFileReference; lastKnownFileType = sourcecode.c.objc; path = main.m; sourceTree = "<group>"; };
		3DFD611F19B732D3009D4A46 /* visitekaartje-Prefix.pch */ = {isa = PBXFileReference; lastKnownFileType = sourcecode.c.h; path = "visitekaartje-Prefix.pch"; sourceTree = "<group>"; };
		3DFD612019B732D3009D4A46 /* AppDelegate.h */ = {isa = PBXFileReference; lastKnownFileType = sourcecode.c.h; path = AppDelegate.h; sourceTree = "<group>"; };
		3DFD612119B732D3009D4A46 /* AppDelegate.m */ = {isa = PBXFileReference; lastKnownFileType = sourcecode.c.objc; path = AppDelegate.m; sourceTree = "<group>"; };
		3DFD612419B732D3009D4A46 /* Base */ = {isa = PBXFileReference; lastKnownFileType = file.storyboard; name = Base; path = Base.lproj/Main.storyboard; sourceTree = "<group>"; };
		3DFD612619B732D3009D4A46 /* ViewController.h */ = {isa = PBXFileReference; lastKnownFileType = sourcecode.c.h; path = ViewController.h; sourceTree = "<group>"; };
		3DFD612719B732D3009D4A46 /* ViewController.m */ = {isa = PBXFileReference; lastKnownFileType = sourcecode.c.objc; path = ViewController.m; sourceTree = "<group>"; };
		3DFD612919B732D3009D4A46 /* Images.xcassets */ = {isa = PBXFileReference; lastKnownFileType = folder.assetcatalog; path = Images.xcassets; sourceTree = "<group>"; };
		3DFD612F19B732D3009D4A46 /* visitekaartjeTests.xctest */ = {isa = PBXFileReference; explicitFileType = wrapper.cfbundle; includeInIndex = 0; path = visitekaartjeTests.xctest; sourceTree = BUILT_PRODUCTS_DIR; };
		3DFD613019B732D3009D4A46 /* XCTest.framework */ = {isa = PBXFileReference; lastKnownFileType = wrapper.framework; name = XCTest.framework; path = Library/Frameworks/XCTest.framework; sourceTree = DEVELOPER_DIR; };
		3DFD613819B732D4009D4A46 /* visitekaartjeTests-Info.plist */ = {isa = PBXFileReference; lastKnownFileType = text.plist.xml; path = "visitekaartjeTests-Info.plist"; sourceTree = "<group>"; };
		3DFD613A19B732D4009D4A46 /* en */ = {isa = PBXFileReference; lastKnownFileType = text.plist.strings; name = en; path = en.lproj/InfoPlist.strings; sourceTree = "<group>"; };
		3DFD613C19B732D4009D4A46 /* visitekaartjeTests.m */ = {isa = PBXFileReference; lastKnownFileType = sourcecode.c.objc; path = visitekaartjeTests.m; sourceTree = "<group>"; };
/* End PBXFileReference section */

/* Begin PBXFrameworksBuildPhase section */
		3DFD610B19B732D3009D4A46 /* Frameworks */ = {
			isa = PBXFrameworksBuildPhase;
			buildActionMask = 2147483647;
			files = (
				3DFD611419B732D3009D4A46 /* CoreGraphics.framework in Frameworks */,
				3DFD611619B732D3009D4A46 /* UIKit.framework in Frameworks */,
				3DFD611219B732D3009D4A46 /* Foundation.framework in Frameworks */,
			);
			runOnlyForDeploymentPostprocessing = 0;
		};
		3DFD612C19B732D3009D4A46 /* Frameworks */ = {
			isa = PBXFrameworksBuildPhase;
			buildActionMask = 2147483647;
			files = (
				3DFD613119B732D4009D4A46 /* XCTest.framework in Frameworks */,
				3DFD613319B732D4009D4A46 /* UIKit.framework in Frameworks */,
				3DFD613219B732D4009D4A46 /* Foundation.framework in Frameworks */,
			);
			runOnlyForDeploymentPostprocessing = 0;
		};
/* End PBXFrameworksBuildPhase section */

/* Begin PBXGroup section */
		3DFD610519B732D3009D4A46 = {
			isa = PBXGroup;
			children = (
				3DFD611719B732D3009D4A46 /* visitekaartje */,
				3DFD613619B732D4009D4A46 /* visitekaartjeTests */,
				3DFD611019B732D3009D4A46 /* Frameworks */,
				3DFD610F19B732D3009D4A46 /* Products */,
			);
			sourceTree = "<group>";
		};
		3DFD610F19B732D3009D4A46 /* Products */ = {
			isa = PBXGroup;
			children = (
				3DFD610E19B732D3009D4A46 /* visitekaartje.app */,
				3DFD612F19B732D3009D4A46 /* visitekaartjeTests.xctest */,
			);
			name = Products;
			sourceTree = "<group>";
		};
		3DFD611019B732D3009D4A46 /* Frameworks */ = {
			isa = PBXGroup;
			children = (
				3DFD611119B732D3009D4A46 /* Foundation.framework */,
				3DFD611319B732D3009D4A46 /* CoreGraphics.framework */,
				3DFD611519B732D3009D4A46 /* UIKit.framework */,
				3DFD613019B732D3009D4A46 /* XCTest.framework */,
			);
			name = Frameworks;
			sourceTree = "<group>";
		};
		3DFD611719B732D3009D4A46 /* visitekaartje */ = {
			isa = PBXGroup;
			children = (
				3DFD612019B732D3009D4A46 /* AppDelegate.h */,
				3DFD612119B732D3009D4A46 /* AppDelegate.m */,
				3DFD612319B732D3009D4A46 /* Main.storyboard */,
				3DFD612619B732D3009D4A46 /* ViewController.h */,
				3DFD612719B732D3009D4A46 /* ViewController.m */,
				3DFD612919B732D3009D4A46 /* Images.xcassets */,
				3DFD611819B732D3009D4A46 /* Supporting Files */,
			);
			path = visitekaartje;
			sourceTree = "<group>";
		};
		3DFD611819B732D3009D4A46 /* Supporting Files */ = {
			isa = PBXGroup;
			children = (
				3DFD611919B732D3009D4A46 /* visitekaartje-Info.plist */,
				3DFD611A19B732D3009D4A46 /* InfoPlist.strings */,
				3DFD611D19B732D3009D4A46 /* main.m */,
				3DFD611F19B732D3009D4A46 /* visitekaartje-Prefix.pch */,
			);
			name = "Supporting Files";
			sourceTree = "<group>";
		};
		3DFD613619B732D4009D4A46 /* visitekaartjeTests */ = {
			isa = PBXGroup;
			children = (
				3DFD613C19B732D4009D4A46 /* visitekaartjeTests.m */,
				3DFD613719B732D4009D4A46 /* Supporting Files */,
			);
			path = visitekaartjeTests;
			sourceTree = "<group>";
		};
		3DFD613719B732D4009D4A46 /* Supporting Files */ = {
			isa = PBXGroup;
			children = (
				3DFD613819B732D4009D4A46 /* visitekaartjeTests-Info.plist */,
				3DFD613919B732D4009D4A46 /* InfoPlist.strings */,
			);
			name = "Supporting Files";
			sourceTree = "<group>";
		};
/* End PBXGroup section */

/* Begin PBXNativeTarget section */
		3DFD610D19B732D3009D4A46 /* visitekaartje */ = {
			isa = PBXNativeTarget;
			buildConfigurationList = 3DFD614019B732D4009D4A46 /* Build configuration list for PBXNativeTarget "visitekaartje" */;
			buildPhases = (
				3DFD610A19B732D3009D4A46 /* Sources */,
				3DFD610B19B732D3009D4A46 /* Frameworks */,
				3DFD610C19B732D3009D4A46 /* Resources */,
			);
			buildRules = (
			);
			dependencies = (
			);
			name = visitekaartje;
			productName = visitekaartje;
			productReference = 3DFD610E19B732D3009D4A46 /* visitekaartje.app */;
			productType = "com.apple.product-type.application";
		};
		3DFD612E19B732D3009D4A46 /* visitekaartjeTests */ = {
			isa = PBXNativeTarget;
			buildConfigurationList = 3DFD614319B732D4009D4A46 /* Build configuration list for PBXNativeTarget "visitekaartjeTests" */;
			buildPhases = (
				3DFD612B19B732D3009D4A46 /* Sources */,
				3DFD612C19B732D3009D4A46 /* Frameworks */,
				3DFD612D19B732D3009D4A46 /* Resources */,
			);
			buildRules = (
			);
			dependencies = (
				3DFD613519B732D4009D4A46 /* PBXTargetDependency */,
			);
			name = visitekaartjeTests;
			productName = visitekaartjeTests;
			productReference = 3DFD612F19B732D3009D4A46 /* visitekaartjeTests.xctest */;
			productType = "com.apple.product-type.bundle.unit-test";
		};
/* End PBXNativeTarget section */

/* Begin PBXProject section */
		3DFD610619B732D3009D4A46 /* Project object */ = {
			isa = PBXProject;
			attributes = {
				LastUpgradeCheck = 0510;
				ORGANIZATIONNAME = "___FULLUSERNAME___";
				TargetAttributes = {
					3DFD612E19B732D3009D4A46 = {
						TestTargetID = 3DFD610D19B732D3009D4A46;
					};
				};
			};
			buildConfigurationList = 3DFD610919B732D3009D4A46 /* Build configuration list for PBXProject "visitekaartje" */;
			compatibilityVersion = "Xcode 3.2";
			developmentRegion = English;
			hasScannedForEncodings = 0;
			knownRegions = (
				en,
				Base,
			);
			mainGroup = 3DFD610519B732D3009D4A46;
			productRefGroup = 3DFD610F19B732D3009D4A46 /* Products */;
			projectDirPath = "";
			projectRoot = "";
			targets = (
				3DFD610D19B732D3009D4A46 /* visitekaartje */,
				3DFD612E19B732D3009D4A46 /* visitekaartjeTests */,
			);
		};
/* End PBXProject section */

/* Begin PBXResourcesBuildPhase section */
		3DFD610C19B732D3009D4A46 /* Resources */ = {
			isa = PBXResourcesBuildPhase;
			buildActionMask = 2147483647;
			files = (
				3DFD612A19B732D3009D4A46 /* Images.xcassets in Resources */,
				3DFD611C19B732D3009D4A46 /* InfoPlist.strings in Resources */,
				3DFD612519B732D3009D4A46 /* Main.storyboard in Resources */,
			);
			runOnlyForDeploymentPostprocessing = 0;
		};
		3DFD612D19B732D3009D4A46 /* Resources */ = {
			isa = PBXResourcesBuildPhase;
			buildActionMask = 2147483647;
			files = (
				3DFD613B19B732D4009D4A46 /* InfoPlist.strings in Resources */,
			);
			runOnlyForDeploymentPostprocessing = 0;
		};
/* End PBXResourcesBuildPhase section */

/* Begin PBXSourcesBuildPhase section */
		3DFD610A19B732D3009D4A46 /* Sources */ = {
			isa = PBXSourcesBuildPhase;
			buildActionMask = 2147483647;
			files = (
				3DFD612819B732D3009D4A46 /* ViewController.m in Sources */,
				3DFD612219B732D3009D4A46 /* AppDelegate.m in Sources */,
				3DFD611E19B732D3009D4A46 /* main.m in Sources */,
			);
			runOnlyForDeploymentPostprocessing = 0;
		};
		3DFD612B19B732D3009D4A46 /* Sources */ = {
			isa = PBXSourcesBuildPhase;
			buildActionMask = 2147483647;
			files = (
				3DFD613D19B732D4009D4A46 /* visitekaartjeTests.m in Sources */,
			);
			runOnlyForDeploymentPostprocessing = 0;
		};
/* End PBXSourcesBuildPhase section */

/* Begin PBXTargetDependency section */
		3DFD613519B732D4009D4A46 /* PBXTargetDependency */ = {
			isa = PBXTargetDependency;
			target = 3DFD610D19B732D3009D4A46 /* visitekaartje */;
			targetProxy = 3DFD613419B732D4009D4A46 /* PBXContainerItemProxy */;
		};
/* End PBXTargetDependency section */

/* Begin PBXVariantGroup section */
		3DFD611A19B732D3009D4A46 /* InfoPlist.strings */ = {
			isa = PBXVariantGroup;
			children = (
				3DFD611B19B732D3009D4A46 /* en */,
			);
			name = InfoPlist.strings;
			sourceTree = "<group>";
		};
		3DFD612319B732D3009D4A46 /* Main.storyboard */ = {
			isa = PBXVariantGroup;
			children = (
				3DFD612419B732D3009D4A46 /* Base */,
			);
			name = Main.storyboard;
			sourceTree = "<group>";
		};
		3DFD613919B732D4009D4A46 /* InfoPlist.strings */ = {
			isa = PBXVariantGroup;
			children = (
				3DFD613A19B732D4009D4A46 /* en */,
			);
			name = InfoPlist.strings;
			sourceTree = "<group>";
		};
/* End PBXVariantGroup section */

/* Begin XCBuildConfiguration section */
		3DFD613E19B732D4009D4A46 /* Debug */ = {
			isa = XCBuildConfiguration;
			buildSettings = {
				ALWAYS_SEARCH_USER_PATHS = NO;
				CLANG_CXX_LANGUAGE_STANDARD = "gnu++0x";
				CLANG_CXX_LIBRARY = "libc++";
				CLANG_ENABLE_MODULES = YES;
				CLANG_ENABLE_OBJC_ARC = YES;
				CLANG_WARN_BOOL_CONVERSION = YES;
				CLANG_WARN_CONSTANT_CONVERSION = YES;
				CLANG_WARN_DIRECT_OBJC_ISA_USAGE = YES_ERROR;
				CLANG_WARN_EMPTY_BODY = YES;
				CLANG_WARN_ENUM_CONVERSION = YES;
				CLANG_WARN_INT_CONVERSION = YES;
				CLANG_WARN_OBJC_ROOT_CLASS = YES_ERROR;
				CLANG_WARN__DUPLICATE_METHOD_MATCH = YES;
				"CODE_SIGN_IDENTITY[sdk=iphoneos*]" = "iPhone Developer";
				COPY_PHASE_STRIP = NO;
				GCC_C_LANGUAGE_STANDARD = gnu99;
				GCC_DYNAMIC_NO_PIC = NO;
				GCC_OPTIMIZATION_LEVEL = 0;
				GCC_PREPROCESSOR_DEFINITIONS = (
					"DEBUG=1",
					"$(inherited)",
				);
				GCC_SYMBOLS_PRIVATE_EXTERN = NO;
				GCC_WARN_64_TO_32_BIT_CONVERSION = YES;
				GCC_WARN_ABOUT_RETURN_TYPE = YES_ERROR;
				GCC_WARN_UNDECLARED_SELECTOR = YES;
				GCC_WARN_UNINITIALIZED_AUTOS = YES_AGGRESSIVE;
				GCC_WARN_UNUSED_FUNCTION = YES;
				GCC_WARN_UNUSED_VARIABLE = YES;
				IPHONEOS_DEPLOYMENT_TARGET = 7.1;
				ONLY_ACTIVE_ARCH = YES;
				SDKROOT = iphoneos;
			};
			name = Debug;
		};
		3DFD613F19B732D4009D4A46 /* Release */ = {
			isa = XCBuildConfiguration;
			buildSettings = {
				ALWAYS_SEARCH_USER_PATHS = NO;
				CLANG_CXX_LANGUAGE_STANDARD = "gnu++0x";
				CLANG_CXX_LIBRARY = "libc++";
				CLANG_ENABLE_MODULES = YES;
				CLANG_ENABLE_OBJC_ARC = YES;
				CLANG_WARN_BOOL_CONVERSION = YES;
				CLANG_WARN_CONSTANT_CONVERSION = YES;
				CLANG_WARN_DIRECT_OBJC_ISA_USAGE = YES_ERROR;
				CLANG_WARN_EMPTY_BODY = YES;
				CLANG_WARN_ENUM_CONVERSION = YES;
				CLANG_WARN_INT_CONVERSION = YES;
				CLANG_WARN_OBJC_ROOT_CLASS = YES_ERROR;
				CLANG_WARN__DUPLICATE_METHOD_MATCH = YES;
				"CODE_SIGN_IDENTITY[sdk=iphoneos*]" = "iPhone Developer";
				COPY_PHASE_STRIP = YES;
				ENABLE_NS_ASSERTIONS = NO;
				GCC_C_LANGUAGE_STANDARD = gnu99;
				GCC_WARN_64_TO_32_BIT_CONVERSION = YES;
				GCC_WARN_ABOUT_RETURN_TYPE = YES_ERROR;
				GCC_WARN_UNDECLARED_SELECTOR = YES;
				GCC_WARN_UNINITIALIZED_AUTOS = YES_AGGRESSIVE;
				GCC_WARN_UNUSED_FUNCTION = YES;
				GCC_WARN_UNUSED_VARIABLE = YES;
				IPHONEOS_DEPLOYMENT_TARGET = 7.1;
				SDKROOT = iphoneos;
				VALIDATE_PRODUCT = YES;
			};
			name = Release;
		};
		3DFD614119B732D4009D4A46 /* Debug */ = {
			isa = XCBuildConfiguration;
			buildSettings = {
				ASSETCATALOG_COMPILER_APPICON_NAME = AppIcon;
				ASSETCATALOG_COMPILER_LAUNCHIMAGE_NAME = LaunchImage;
				GCC_PRECOMPILE_PREFIX_HEADER = YES;
				GCC_PREFIX_HEADER = "visitekaartje/visitekaartje-Prefix.pch";
				INFOPLIST_FILE = "visitekaartje/visitekaartje-Info.plist";
				PRODUCT_NAME = "$(TARGET_NAME)";
				WRAPPER_EXTENSION = app;
			};
			name = Debug;
		};
		3DFD614219B732D4009D4A46 /* Release */ = {
			isa = XCBuildConfiguration;
			buildSettings = {
				ASSETCATALOG_COMPILER_APPICON_NAME = AppIcon;
				ASSETCATALOG_COMPILER_LAUNCHIMAGE_NAME = LaunchImage;
				GCC_PRECOMPILE_PREFIX_HEADER = YES;
				GCC_PREFIX_HEADER = "visitekaartje/visitekaartje-Prefix.pch";
				INFOPLIST_FILE = "visitekaartje/visitekaartje-Info.plist";
				PRODUCT_NAME = "$(TARGET_NAME)";
				WRAPPER_EXTENSION = app;
			};
			name = Release;
		};
		3DFD614419B732D4009D4A46 /* Debug */ = {
			isa = XCBuildConfiguration;
			buildSettings = {
				BUNDLE_LOADER = "$(BUILT_PRODUCTS_DIR)/visitekaartje.app/visitekaartje";
				FRAMEWORK_SEARCH_PATHS = (
					"$(SDKROOT)/Developer/Library/Frameworks",
					"$(inherited)",
					"$(DEVELOPER_FRAMEWORKS_DIR)",
				);
				GCC_PRECOMPILE_PREFIX_HEADER = YES;
				GCC_PREFIX_HEADER = "visitekaartje/visitekaartje-Prefix.pch";
				GCC_PREPROCESSOR_DEFINITIONS = (
					"DEBUG=1",
					"$(inherited)",
				);
				INFOPLIST_FILE = "visitekaartjeTests/visitekaartjeTests-Info.plist";
				PRODUCT_NAME = "$(TARGET_NAME)";
				TEST_HOST = "$(BUNDLE_LOADER)";
				WRAPPER_EXTENSION = xctest;
			};
			name = Debug;
		};
		3DFD614519B732D4009D4A46 /* Release */ = {
			isa = XCBuildConfiguration;
			buildSettings = {
				BUNDLE_LOADER = "$(BUILT_PRODUCTS_DIR)/visitekaartje.app/visitekaartje";
				FRAMEWORK_SEARCH_PATHS = (
					"$(SDKROOT)/Developer/Library/Frameworks",
					"$(inherited)",
					"$(DEVELOPER_FRAMEWORKS_DIR)",
				);
				GCC_PRECOMPILE_PREFIX_HEADER = YES;
				GCC_PREFIX_HEADER = "visitekaartje/visitekaartje-Prefix.pch";
				INFOPLIST_FILE = "visitekaartjeTests/visitekaartjeTests-Info.plist";
				PRODUCT_NAME = "$(TARGET_NAME)";
				TEST_HOST = "$(BUNDLE_LOADER)";
				WRAPPER_EXTENSION = xctest;
			};
			name = Release;
		};
/* End XCBuildConfiguration section */

/* Begin XCConfigurationList section */
		3DFD610919B732D3009D4A46 /* Build configuration list for PBXProject "visitekaartje" */ = {
			isa = XCConfigurationList;
			buildConfigurations = (
				3DFD613E19B732D4009D4A46 /* Debug */,
				3DFD613F19B732D4009D4A46 /* Release */,
			);
			defaultConfigurationIsVisible = 0;
			defaultConfigurationName = Release;
		};
		3DFD614019B732D4009D4A46 /* Build configuration list for PBXNativeTarget "visitekaartje" */ = {
			isa = XCConfigurationList;
			buildConfigurations = (
				3DFD614119B732D4009D4A46 /* Debug */,
				3DFD614219B732D4009D4A46 /* Release */,
			);
			defaultConfigurationIsVisible = 0;
		};
		3DFD614319B732D4009D4A46 /* Build configuration list for PBXNativeTarget "visitekaartjeTests" */ = {
			isa = XCConfigurationList;
			buildConfigurations = (
				3DFD614419B732D4009D4A46 /* Debug */,
				3DFD614519B732D4009D4A46 /* Release */,
			);
			defaultConfigurationIsVisible = 0;
		};
/* End XCConfigurationList section */
	};
	rootObject = 3DFD610619B732D3009D4A46 /* Project object */;
}
